
Microsoft Visual Studio Solution File, Format Version 12.00
# Visual Studio 15
VisualStudioVersion = 15.0.26228.4
MinimumVisualStudioVersion = 10.0.40219.1
Project("{FAE04EC0-301F-11D3-BF4B-00C04F79EFBC}") = "HDFC", "HDFC\HDFC.csproj", "{B710C5B6-84CB-4E7B-A884-1E358EA326EA}"
EndProject
Global
	GlobalSection(SolutionConfigurationPlatforms) = preSolution
		Debug|Any CPU = Debug|Any CPU
		Release|Any CPU = Release|Any CPU
	EndGlobalSection
	GlobalSection(ProjectConfigurationPlatforms) = postSolution
		{B710C5B6-84CB-4E7B-A884-1E358EA326EA}.Debug|Any CPU.ActiveCfg = Debug|Any CPU
		{B710C5B6-84CB-4E7B-A884-1E358EA326EA}.Debug|Any CPU.Build.0 = Debug|Any CPU
		{B710C5B6-84CB-4E7B-A884-1E358EA326EA}.Release|Any CPU.ActiveCfg = Release|Any CPU
		{B710C5B6-84CB-4E7B-A884-1E358EA326EA}.Release|Any CPU.Build.0 = Release|Any CPU
	EndGlobalSection
	GlobalSection(SolutionProperties) = preSolution
		HideSolutionNode = FALSE
	EndGlobalSection
EndGlobal
